
Microsoft Visual Studio Solution File, Format Version 12.00
# Visual Studio 14
VisualStudioVersion = 14.0.25420.1
MinimumVisualStudioVersion = 10.0.40219.1
Project("{FAE04EC0-301F-11D3-BF4B-00C04F79EFBC}") = "xadrez-console", "xadrez-console\xadrez-console.csproj", "{DEED20E4-8AEE-4AEB-A422-BA384378F761}"
EndProject
Project("{2150E333-8FDC-42A3-9474-1A3956D46DE8}") = "Solution Items", "Solution Items", "{A48E94F1-15B9-460F-A1AD-EDD411ADAB03}"
	ProjectSection(SolutionItems) = preProject
		.gitignore = .gitignore
	EndProjectSection
EndProject
Global
	GlobalSection(SolutionConfigurationPlatforms) = preSolution
		Debug|Any CPU = Debug|Any CPU
		Release|Any CPU = Release|Any CPU
	EndGlobalSection
	GlobalSection(ProjectConfigurationPlatforms) = postSolution
		{DEED20E4-8AEE-4AEB-A422-BA384378F761}.Debug|Any CPU.ActiveCfg = Debug|Any CPU
		{DEED20E4-8AEE-4AEB-A422-BA384378F761}.Debug|Any CPU.Build.0 = Debug|Any CPU
		{DEED20E4-8AEE-4AEB-A422-BA384378F761}.Release|Any CPU.ActiveCfg = Release|Any CPU
		{DEED20E4-8AEE-4AEB-A422-BA384378F761}.Release|Any CPU.Build.0 = Release|Any CPU
	EndGlobalSection
	GlobalSection(SolutionProperties) = preSolution
		HideSolutionNode = FALSE
	EndGlobalSection
EndGlobal
